
Microsoft Visual Studio Solution File, Format Version 12.00
# Visual Studio Version 17
VisualStudioVersion = 17.5.002.0
MinimumVisualStudioVersion = 10.0.40219.1
Project("{9A19103F-16F7-4668-BE54-9A1E7A4F7556}") = "CrudApi", "CrudApi.csproj", "{D0521021-EB49-410D-B559-6C0D505F63AD}"
EndProject
Global
	GlobalSection(SolutionConfigurationPlatforms) = preSolution
		Debug|Any CPU = Debug|Any CPU
		Release|Any CPU = Release|Any CPU
	EndGlobalSection
	GlobalSection(ProjectConfigurationPlatforms) = postSolution
		{D0521021-EB49-410D-B559-6C0D505F63AD}.Debug|Any CPU.ActiveCfg = Debug|Any CPU
		{D0521021-EB49-410D-B559-6C0D505F63AD}.Debug|Any CPU.Build.0 = Debug|Any CPU
		{D0521021-EB49-410D-B559-6C0D505F63AD}.Release|Any CPU.ActiveCfg = Release|Any CPU
		{D0521021-EB49-410D-B559-6C0D505F63AD}.Release|Any CPU.Build.0 = Release|Any CPU
	EndGlobalSection
	GlobalSection(SolutionProperties) = preSolution
		HideSolutionNode = FALSE
	EndGlobalSection
	GlobalSection(ExtensibilityGlobals) = postSolution
		SolutionGuid = {5C921438-E61D-4173-BA14-98AE60DB77B7}
	EndGlobalSection
EndGlobal
